
Microsoft Visual Studio Solution File, Format Version 12.00
# Visual Studio Version 17
VisualStudioVersion = 17.1.32421.90
MinimumVisualStudioVersion = 10.0.40219.1
Project("{9A19103F-16F7-4668-BE54-9A1E7A4F7556}") = "ToyApi.Example", "src\ToyApi.Example\ToyApi.Example.csproj", "{C3509BD2-950C-4BBE-B210-2FADCBB1271E}"
EndProject
Project("{9A19103F-16F7-4668-BE54-9A1E7A4F7556}") = "ToyApi", "src\ToyApi\ToyApi.csproj", "{D813F138-4B11-4AAF-B1B4-B40E24D41CFD}"
EndProject
Global
	GlobalSection(SolutionConfigurationPlatforms) = preSolution
		Debug|Any CPU = Debug|Any CPU
		Release|Any CPU = Release|Any CPU
	EndGlobalSection
	GlobalSection(ProjectConfigurationPlatforms) = postSolution
		{C3509BD2-950C-4BBE-B210-2FADCBB1271E}.Debug|Any CPU.ActiveCfg = Debug|Any CPU
		{C3509BD2-950C-4BBE-B210-2FADCBB1271E}.Debug|Any CPU.Build.0 = Debug|Any CPU
		{C3509BD2-950C-4BBE-B210-2FADCBB1271E}.Release|Any CPU.ActiveCfg = Release|Any CPU
		{C3509BD2-950C-4BBE-B210-2FADCBB1271E}.Release|Any CPU.Build.0 = Release|Any CPU
		{D813F138-4B11-4AAF-B1B4-B40E24D41CFD}.Debug|Any CPU.ActiveCfg = Debug|Any CPU
		{D813F138-4B11-4AAF-B1B4-B40E24D41CFD}.Debug|Any CPU.Build.0 = Debug|Any CPU
		{D813F138-4B11-4AAF-B1B4-B40E24D41CFD}.Release|Any CPU.ActiveCfg = Release|Any CPU
		{D813F138-4B11-4AAF-B1B4-B40E24D41CFD}.Release|Any CPU.Build.0 = Release|Any CPU
	EndGlobalSection
	GlobalSection(SolutionProperties) = preSolution
		HideSolutionNode = FALSE
	EndGlobalSection
	GlobalSection(ExtensibilityGlobals) = postSolution
		SolutionGuid = {4D223F9E-07CB-4404-ACBE-67F1C8F191A1}
	EndGlobalSection
EndGlobal
